
Microsoft Visual Studio Solution File, Format Version 12.00
# Visual Studio Version 17
VisualStudioVersion = 17.7.34003.232
MinimumVisualStudioVersion = 10.0.40219.1
Project("{9A19103F-16F7-4668-BE54-9A1E7A4F7556}") = "Generator", "Generator\Generator.csproj", "{79CD3722-D6A7-4BA1-8CDF-533A77566D93}"
EndProject
Project("{9A19103F-16F7-4668-BE54-9A1E7A4F7556}") = "PMCGenerator", "PMCGenerator\PMCGenerator.csproj", "{AA738C3F-2BA0-4754-A7A7-82E290BF51CA}"
EndProject
Project("{9A19103F-16F7-4668-BE54-9A1E7A4F7556}") = "Common", "Common\Common.csproj", "{DE50047B-01AB-4B99-A270-95C8F6101D0D}"
EndProject
Project("{9A19103F-16F7-4668-BE54-9A1E7A4F7556}") = "Common.Models", "Common.Models\Common.Models.csproj", "{23BCA0BE-C95E-4BFD-A89F-408729E6BDE0}"
EndProject
Global
	GlobalSection(SolutionConfigurationPlatforms) = preSolution
		Debug|Any CPU = Debug|Any CPU
		Release|Any CPU = Release|Any CPU
	EndGlobalSection
	GlobalSection(ProjectConfigurationPlatforms) = postSolution
		{79CD3722-D6A7-4BA1-8CDF-533A77566D93}.Debug|Any CPU.ActiveCfg = Debug|Any CPU
		{79CD3722-D6A7-4BA1-8CDF-533A77566D93}.Debug|Any CPU.Build.0 = Debug|Any CPU
		{79CD3722-D6A7-4BA1-8CDF-533A77566D93}.Release|Any CPU.ActiveCfg = Release|Any CPU
		{79CD3722-D6A7-4BA1-8CDF-533A77566D93}.Release|Any CPU.Build.0 = Release|Any CPU
		{AA738C3F-2BA0-4754-A7A7-82E290BF51CA}.Debug|Any CPU.ActiveCfg = Debug|Any CPU
		{AA738C3F-2BA0-4754-A7A7-82E290BF51CA}.Debug|Any CPU.Build.0 = Debug|Any CPU
		{AA738C3F-2BA0-4754-A7A7-82E290BF51CA}.Release|Any CPU.ActiveCfg = Release|Any CPU
		{AA738C3F-2BA0-4754-A7A7-82E290BF51CA}.Release|Any CPU.Build.0 = Release|Any CPU
		{DE50047B-01AB-4B99-A270-95C8F6101D0D}.Debug|Any CPU.ActiveCfg = Debug|Any CPU
		{DE50047B-01AB-4B99-A270-95C8F6101D0D}.Debug|Any CPU.Build.0 = Debug|Any CPU
		{DE50047B-01AB-4B99-A270-95C8F6101D0D}.Release|Any CPU.ActiveCfg = Release|Any CPU
		{DE50047B-01AB-4B99-A270-95C8F6101D0D}.Release|Any CPU.Build.0 = Release|Any CPU
		{23BCA0BE-C95E-4BFD-A89F-408729E6BDE0}.Debug|Any CPU.ActiveCfg = Debug|Any CPU
		{23BCA0BE-C95E-4BFD-A89F-408729E6BDE0}.Debug|Any CPU.Build.0 = Debug|Any CPU
		{23BCA0BE-C95E-4BFD-A89F-408729E6BDE0}.Release|Any CPU.ActiveCfg = Release|Any CPU
		{23BCA0BE-C95E-4BFD-A89F-408729E6BDE0}.Release|Any CPU.Build.0 = Release|Any CPU
	EndGlobalSection
	GlobalSection(SolutionProperties) = preSolution
		HideSolutionNode = FALSE
	EndGlobalSection
	GlobalSection(ExtensibilityGlobals) = postSolution
		SolutionGuid = {D699C02A-AD6B-404C-B792-53E00F98E563}
	EndGlobalSection
EndGlobal
